
Microsoft Visual Studio Solution File, Format Version 12.00
# Visual Studio Version 16
VisualStudioVersion = 16.0.31005.135
MinimumVisualStudioVersion = 10.0.40219.1
Project("{2150E333-8FDC-42A3-9474-1A3956D46DE8}") = "WebAPI", "WebAPI", "{548F0F70-1045-481E-9DFC-6DFD6E5BEAC2}"
EndProject
Project("{2150E333-8FDC-42A3-9474-1A3956D46DE8}") = "Model", "Model", "{5DD158D9-B4A4-4FF0-86FB-AC53E5D41BA9}"
EndProject
Project("{9A19103F-16F7-4668-BE54-9A1E7A4F7556}") = "ApiTimeJogador-LuxOne", "..\src\WebAPI\ApiTimeJogador-LuxOne.csproj", "{EA6988F2-7053-4075-94D5-4133FF24A55D}"
EndProject
Project("{9A19103F-16F7-4668-BE54-9A1E7A4F7556}") = "DTO", "..\src\Model\DTO\DTO.csproj", "{3A262CA8-13CB-4419-8601-438A1E69CCD6}"
EndProject
Project("{2150E333-8FDC-42A3-9474-1A3956D46DE8}") = "Equipe", "Equipe", "{08F90203-FC4B-42EA-8FF9-2CCBD30ECD62}"
EndProject
Project("{2150E333-8FDC-42A3-9474-1A3956D46DE8}") = "Contrato", "Contrato", "{493D1D34-00EB-4704-8B1A-8D11CAA0A0EF}"
EndProject
Project("{2150E333-8FDC-42A3-9474-1A3956D46DE8}") = "Service", "Service", "{F2769986-98F8-481D-A900-05A04C1FFD37}"
EndProject
Project("{2150E333-8FDC-42A3-9474-1A3956D46DE8}") = "Service", "Service", "{B125EB45-11D6-49A6-AF7D-B99989CCCAA1}"
EndProject
Project("{9A19103F-16F7-4668-BE54-9A1E7A4F7556}") = "EquipeService", "..\src\Equipe\Service\EquipeService\EquipeService.csproj", "{F8C7DD4E-52ED-4D91-8F33-F66896E72B65}"
EndProject
Project("{9A19103F-16F7-4668-BE54-9A1E7A4F7556}") = "EquipeContrato", "..\src\Contrato\Service\EquipeContrato\EquipeContrato.csproj", "{C1E39A61-B810-4020-A2E6-3D79EFE2CBB3}"
EndProject
Project("{2150E333-8FDC-42A3-9474-1A3956D46DE8}") = "Repository", "Repository", "{CAC7DD48-336F-4175-982D-46892D769A87}"
EndProject
Project("{9A19103F-16F7-4668-BE54-9A1E7A4F7556}") = "EquipeRepositoryMemory", "..\src\Equipe\Repository\EquipeRepositoryMemory\EquipeRepositoryMemory.csproj", "{7E509896-4034-4571-8EAF-D4E1BA644299}"
EndProject
Global
	GlobalSection(SolutionConfigurationPlatforms) = preSolution
		Debug|Any CPU = Debug|Any CPU
		Release|Any CPU = Release|Any CPU
	EndGlobalSection
	GlobalSection(ProjectConfigurationPlatforms) = postSolution
		{EA6988F2-7053-4075-94D5-4133FF24A55D}.Debug|Any CPU.ActiveCfg = Debug|Any CPU
		{EA6988F2-7053-4075-94D5-4133FF24A55D}.Debug|Any CPU.Build.0 = Debug|Any CPU
		{EA6988F2-7053-4075-94D5-4133FF24A55D}.Release|Any CPU.ActiveCfg = Release|Any CPU
		{EA6988F2-7053-4075-94D5-4133FF24A55D}.Release|Any CPU.Build.0 = Release|Any CPU
		{3A262CA8-13CB-4419-8601-438A1E69CCD6}.Debug|Any CPU.ActiveCfg = Debug|Any CPU
		{3A262CA8-13CB-4419-8601-438A1E69CCD6}.Debug|Any CPU.Build.0 = Debug|Any CPU
		{3A262CA8-13CB-4419-8601-438A1E69CCD6}.Release|Any CPU.ActiveCfg = Release|Any CPU
		{3A262CA8-13CB-4419-8601-438A1E69CCD6}.Release|Any CPU.Build.0 = Release|Any CPU
		{F8C7DD4E-52ED-4D91-8F33-F66896E72B65}.Debug|Any CPU.ActiveCfg = Debug|Any CPU
		{F8C7DD4E-52ED-4D91-8F33-F66896E72B65}.Debug|Any CPU.Build.0 = Debug|Any CPU
		{F8C7DD4E-52ED-4D91-8F33-F66896E72B65}.Release|Any CPU.ActiveCfg = Release|Any CPU
		{F8C7DD4E-52ED-4D91-8F33-F66896E72B65}.Release|Any CPU.Build.0 = Release|Any CPU
		{C1E39A61-B810-4020-A2E6-3D79EFE2CBB3}.Debug|Any CPU.ActiveCfg = Debug|Any CPU
		{C1E39A61-B810-4020-A2E6-3D79EFE2CBB3}.Debug|Any CPU.Build.0 = Debug|Any CPU
		{C1E39A61-B810-4020-A2E6-3D79EFE2CBB3}.Release|Any CPU.ActiveCfg = Release|Any CPU
		{C1E39A61-B810-4020-A2E6-3D79EFE2CBB3}.Release|Any CPU.Build.0 = Release|Any CPU
		{7E509896-4034-4571-8EAF-D4E1BA644299}.Debug|Any CPU.ActiveCfg = Debug|Any CPU
		{7E509896-4034-4571-8EAF-D4E1BA644299}.Debug|Any CPU.Build.0 = Debug|Any CPU
		{7E509896-4034-4571-8EAF-D4E1BA644299}.Release|Any CPU.ActiveCfg = Release|Any CPU
		{7E509896-4034-4571-8EAF-D4E1BA644299}.Release|Any CPU.Build.0 = Release|Any CPU
	EndGlobalSection
	GlobalSection(SolutionProperties) = preSolution
		HideSolutionNode = FALSE
	EndGlobalSection
	GlobalSection(NestedProjects) = preSolution
		{EA6988F2-7053-4075-94D5-4133FF24A55D} = {548F0F70-1045-481E-9DFC-6DFD6E5BEAC2}
		{3A262CA8-13CB-4419-8601-438A1E69CCD6} = {5DD158D9-B4A4-4FF0-86FB-AC53E5D41BA9}
		{F2769986-98F8-481D-A900-05A04C1FFD37} = {493D1D34-00EB-4704-8B1A-8D11CAA0A0EF}
		{B125EB45-11D6-49A6-AF7D-B99989CCCAA1} = {08F90203-FC4B-42EA-8FF9-2CCBD30ECD62}
		{F8C7DD4E-52ED-4D91-8F33-F66896E72B65} = {B125EB45-11D6-49A6-AF7D-B99989CCCAA1}
		{C1E39A61-B810-4020-A2E6-3D79EFE2CBB3} = {F2769986-98F8-481D-A900-05A04C1FFD37}
		{CAC7DD48-336F-4175-982D-46892D769A87} = {08F90203-FC4B-42EA-8FF9-2CCBD30ECD62}
		{7E509896-4034-4571-8EAF-D4E1BA644299} = {CAC7DD48-336F-4175-982D-46892D769A87}
	EndGlobalSection
	GlobalSection(ExtensibilityGlobals) = postSolution
		SolutionGuid = {A057247F-C334-417E-AE64-29CAF6D55588}
	EndGlobalSection
EndGlobal
