
Microsoft Visual Studio Solution File, Format Version 12.00
# Visual Studio Version 16
VisualStudioVersion = 16.0.31005.135
MinimumVisualStudioVersion = 10.0.40219.1
Project("{2150E333-8FDC-42A3-9474-1A3956D46DE8}") = "WebAPI", "WebAPI", "{548F0F70-1045-481E-9DFC-6DFD6E5BEAC2}"
EndProject
Project("{2150E333-8FDC-42A3-9474-1A3956D46DE8}") = "Model", "Model", "{5DD158D9-B4A4-4FF0-86FB-AC53E5D41BA9}"
EndProject
Project("{9A19103F-16F7-4668-BE54-9A1E7A4F7556}") = "ApiTimeJogador-LuxOne", "..\src\WebAPI\ApiTimeJogador-LuxOne.csproj", "{EA6988F2-7053-4075-94D5-4133FF24A55D}"
EndProject
Project("{9A19103F-16F7-4668-BE54-9A1E7A4F7556}") = "DTO", "..\src\Model\DTO\DTO.csproj", "{3A262CA8-13CB-4419-8601-438A1E69CCD6}"
EndProject
Project("{2150E333-8FDC-42A3-9474-1A3956D46DE8}") = "Equipe", "Equipe", "{08F90203-FC4B-42EA-8FF9-2CCBD30ECD62}"
EndProject
Project("{2150E333-8FDC-42A3-9474-1A3956D46DE8}") = "Contract", "Contract", "{493D1D34-00EB-4704-8B1A-8D11CAA0A0EF}"
EndProject
Project("{2150E333-8FDC-42A3-9474-1A3956D46DE8}") = "Service", "Service", "{F2769986-98F8-481D-A900-05A04C1FFD37}"
EndProject
Project("{2150E333-8FDC-42A3-9474-1A3956D46DE8}") = "Service", "Service", "{B125EB45-11D6-49A6-AF7D-B99989CCCAA1}"
EndProject
Project("{9A19103F-16F7-4668-BE54-9A1E7A4F7556}") = "EquipeService", "..\src\Equipe\Service\EquipeService\EquipeService.csproj", "{F8C7DD4E-52ED-4D91-8F33-F66896E72B65}"
EndProject
Project("{2150E333-8FDC-42A3-9474-1A3956D46DE8}") = "Repository", "Repository", "{CAC7DD48-336F-4175-982D-46892D769A87}"
EndProject
Project("{9A19103F-16F7-4668-BE54-9A1E7A4F7556}") = "EquipeRepositoryMemory", "..\src\Equipe\Repository\EquipeRepositoryMemory\EquipeRepositoryMemory.csproj", "{7E509896-4034-4571-8EAF-D4E1BA644299}"
EndProject
Project("{2150E333-8FDC-42A3-9474-1A3956D46DE8}") = "Infrastructure", "Infrastructure", "{E5203F5F-B950-4E50-85CB-065CD286FD4A}"
EndProject
Project("{9A19103F-16F7-4668-BE54-9A1E7A4F7556}") = "EquipeLocator", "..\src\Equipe\Infrastructure\EquipeLocator\EquipeLocator.csproj", "{53248E29-6C39-4766-B066-626C47E9DA86}"
EndProject
Project("{2150E333-8FDC-42A3-9474-1A3956D46DE8}") = "Gateway", "Gateway", "{93E23B23-93D4-4B47-A6BB-9AC0EA8585B1}"
EndProject
Project("{2150E333-8FDC-42A3-9474-1A3956D46DE8}") = "Infrastructure", "Infrastructure", "{5294EA4B-F1ED-44E5-9F66-50A2E5E7D991}"
EndProject
Project("{2150E333-8FDC-42A3-9474-1A3956D46DE8}") = "Service", "Service", "{9C79C5D3-76EA-421D-B347-A5592E0A9821}"
EndProject
Project("{9A19103F-16F7-4668-BE54-9A1E7A4F7556}") = "GatewayService", "..\src\Gateway\Service\GatewayService\GatewayService.csproj", "{63990949-9F5A-4E83-9090-5E6C8EC5E7CD}"
EndProject
Project("{9A19103F-16F7-4668-BE54-9A1E7A4F7556}") = "GatewayLocator", "..\src\Gateway\Infrastructure\GatewayLocator\GatewayLocator.csproj", "{DE32B27C-44B7-4045-B6B1-49D30D1D1901}"
EndProject
Project("{2150E333-8FDC-42A3-9474-1A3956D46DE8}") = "Infrastructure", "Infrastructure", "{F9C35FC5-2DBC-4EE7-A72D-91FBFF5D464D}"
EndProject
Project("{2150E333-8FDC-42A3-9474-1A3956D46DE8}") = "Security", "Security", "{94BFAFBB-1C57-4D90-97D6-FBD68AF05B92}"
EndProject
Project("{9A19103F-16F7-4668-BE54-9A1E7A4F7556}") = "JwtAuthorization", "..\src\Infrastructure\Security\JwtAuthorization\JwtAuthorization.csproj", "{F34B1CD5-56F9-4EB4-821C-8FFBFD1A7699}"
EndProject
Project("{2150E333-8FDC-42A3-9474-1A3956D46DE8}") = "Contract", "Contract", "{C78A61A8-492A-4A1B-9DE8-255F3F9472DE}"
EndProject
Project("{9A19103F-16F7-4668-BE54-9A1E7A4F7556}") = "InfrastructureContract", "..\src\Infrastructure\Contract\InfrastructureContract\InfrastructureContract.csproj", "{5160616D-ACDF-4DD2-A2DF-02BFE426730E}"
EndProject
Project("{9A19103F-16F7-4668-BE54-9A1E7A4F7556}") = "JwtLocator", "..\src\Infrastructure\Security\JwtLocator\JwtLocator.csproj", "{0777B0F5-BA94-47CE-A963-C70D653A09BF}"
EndProject
Project("{9A19103F-16F7-4668-BE54-9A1E7A4F7556}") = "ExtensionSecurity", "..\src\Infrastructure\Security\Extension\ExtensionSecurity\ExtensionSecurity.csproj", "{7F71794F-5D4C-4508-A021-29B893F34DE2}"
EndProject
Project("{2150E333-8FDC-42A3-9474-1A3956D46DE8}") = "Locator", "Locator", "{1ADC764F-D5DD-432F-82A7-E017BD752B8B}"
EndProject
Project("{9A19103F-16F7-4668-BE54-9A1E7A4F7556}") = "EquipeContrato", "..\src\Contract\Service\EquipeContrato\EquipeContrato.csproj", "{E0750CFC-3A5D-4964-A0C8-CAF2351EB219}"
EndProject
Project("{9A19103F-16F7-4668-BE54-9A1E7A4F7556}") = "GatewayContract", "..\src\Contract\Service\GatewayContract\GatewayContract.csproj", "{70ED1913-E77A-42A1-8493-995776BD0E90}"
EndProject
Project("{2150E333-8FDC-42A3-9474-1A3956D46DE8}") = "Configuration", "Configuration", "{52E4E74E-8EA2-4F65-B4DA-2193BA639635}"
EndProject
Project("{2150E333-8FDC-42A3-9474-1A3956D46DE8}") = "Contract", "Contract", "{4B44E20F-E22B-4734-95F0-20D3A2C0A3BF}"
EndProject
Project("{2150E333-8FDC-42A3-9474-1A3956D46DE8}") = "Service", "Service", "{BD69A4C4-386D-4C4D-8F20-589D8DF25F03}"
EndProject
Project("{9A19103F-16F7-4668-BE54-9A1E7A4F7556}") = "ConfigurationContract", "..\src\Infrastructure\Configuration\Contract\ConfigurationContract\ConfigurationContract.csproj", "{A24E2745-EE3A-4A44-9744-1B25F66C0DB1}"
EndProject
Project("{9A19103F-16F7-4668-BE54-9A1E7A4F7556}") = "ConfigurationService", "..\src\Infrastructure\Configuration\Service\ConfigurationService\ConfigurationService.csproj", "{2933F213-F6A9-4581-B2C5-4C16F3804120}"
EndProject
Project("{9A19103F-16F7-4668-BE54-9A1E7A4F7556}") = "InfrastructureLocator", "..\src\Infrastructure\Locator\InfrastructureLocator\InfrastructureLocator.csproj", "{EA27E74E-0677-4252-8DA2-B194621F1473}"
EndProject
Project("{2150E333-8FDC-42A3-9474-1A3956D46DE8}") = "Solution Items", "Solution Items", "{0213E939-5F7E-4ACF-83AA-F5FBABE6CCCB}"
	ProjectSection(SolutionItems) = preProject
		..\src\Dockerfile = ..\src\Dockerfile
	EndProjectSection
EndProject
Global
	GlobalSection(SolutionConfigurationPlatforms) = preSolution
		Debug|Any CPU = Debug|Any CPU
		Release|Any CPU = Release|Any CPU
	EndGlobalSection
	GlobalSection(ProjectConfigurationPlatforms) = postSolution
		{EA6988F2-7053-4075-94D5-4133FF24A55D}.Debug|Any CPU.ActiveCfg = Debug|Any CPU
		{EA6988F2-7053-4075-94D5-4133FF24A55D}.Debug|Any CPU.Build.0 = Debug|Any CPU
		{EA6988F2-7053-4075-94D5-4133FF24A55D}.Release|Any CPU.ActiveCfg = Release|Any CPU
		{EA6988F2-7053-4075-94D5-4133FF24A55D}.Release|Any CPU.Build.0 = Release|Any CPU
		{3A262CA8-13CB-4419-8601-438A1E69CCD6}.Debug|Any CPU.ActiveCfg = Debug|Any CPU
		{3A262CA8-13CB-4419-8601-438A1E69CCD6}.Debug|Any CPU.Build.0 = Debug|Any CPU
		{3A262CA8-13CB-4419-8601-438A1E69CCD6}.Release|Any CPU.ActiveCfg = Release|Any CPU
		{3A262CA8-13CB-4419-8601-438A1E69CCD6}.Release|Any CPU.Build.0 = Release|Any CPU
		{F8C7DD4E-52ED-4D91-8F33-F66896E72B65}.Debug|Any CPU.ActiveCfg = Debug|Any CPU
		{F8C7DD4E-52ED-4D91-8F33-F66896E72B65}.Debug|Any CPU.Build.0 = Debug|Any CPU
		{F8C7DD4E-52ED-4D91-8F33-F66896E72B65}.Release|Any CPU.ActiveCfg = Release|Any CPU
		{F8C7DD4E-52ED-4D91-8F33-F66896E72B65}.Release|Any CPU.Build.0 = Release|Any CPU
		{7E509896-4034-4571-8EAF-D4E1BA644299}.Debug|Any CPU.ActiveCfg = Debug|Any CPU
		{7E509896-4034-4571-8EAF-D4E1BA644299}.Debug|Any CPU.Build.0 = Debug|Any CPU
		{7E509896-4034-4571-8EAF-D4E1BA644299}.Release|Any CPU.ActiveCfg = Release|Any CPU
		{7E509896-4034-4571-8EAF-D4E1BA644299}.Release|Any CPU.Build.0 = Release|Any CPU
		{53248E29-6C39-4766-B066-626C47E9DA86}.Debug|Any CPU.ActiveCfg = Debug|Any CPU
		{53248E29-6C39-4766-B066-626C47E9DA86}.Debug|Any CPU.Build.0 = Debug|Any CPU
		{53248E29-6C39-4766-B066-626C47E9DA86}.Release|Any CPU.ActiveCfg = Release|Any CPU
		{53248E29-6C39-4766-B066-626C47E9DA86}.Release|Any CPU.Build.0 = Release|Any CPU
		{63990949-9F5A-4E83-9090-5E6C8EC5E7CD}.Debug|Any CPU.ActiveCfg = Debug|Any CPU
		{63990949-9F5A-4E83-9090-5E6C8EC5E7CD}.Debug|Any CPU.Build.0 = Debug|Any CPU
		{63990949-9F5A-4E83-9090-5E6C8EC5E7CD}.Release|Any CPU.ActiveCfg = Release|Any CPU
		{63990949-9F5A-4E83-9090-5E6C8EC5E7CD}.Release|Any CPU.Build.0 = Release|Any CPU
		{DE32B27C-44B7-4045-B6B1-49D30D1D1901}.Debug|Any CPU.ActiveCfg = Debug|Any CPU
		{DE32B27C-44B7-4045-B6B1-49D30D1D1901}.Debug|Any CPU.Build.0 = Debug|Any CPU
		{DE32B27C-44B7-4045-B6B1-49D30D1D1901}.Release|Any CPU.ActiveCfg = Release|Any CPU
		{DE32B27C-44B7-4045-B6B1-49D30D1D1901}.Release|Any CPU.Build.0 = Release|Any CPU
		{F34B1CD5-56F9-4EB4-821C-8FFBFD1A7699}.Debug|Any CPU.ActiveCfg = Debug|Any CPU
		{F34B1CD5-56F9-4EB4-821C-8FFBFD1A7699}.Debug|Any CPU.Build.0 = Debug|Any CPU
		{F34B1CD5-56F9-4EB4-821C-8FFBFD1A7699}.Release|Any CPU.ActiveCfg = Release|Any CPU
		{F34B1CD5-56F9-4EB4-821C-8FFBFD1A7699}.Release|Any CPU.Build.0 = Release|Any CPU
		{5160616D-ACDF-4DD2-A2DF-02BFE426730E}.Debug|Any CPU.ActiveCfg = Debug|Any CPU
		{5160616D-ACDF-4DD2-A2DF-02BFE426730E}.Debug|Any CPU.Build.0 = Debug|Any CPU
		{5160616D-ACDF-4DD2-A2DF-02BFE426730E}.Release|Any CPU.ActiveCfg = Release|Any CPU
		{5160616D-ACDF-4DD2-A2DF-02BFE426730E}.Release|Any CPU.Build.0 = Release|Any CPU
		{0777B0F5-BA94-47CE-A963-C70D653A09BF}.Debug|Any CPU.ActiveCfg = Debug|Any CPU
		{0777B0F5-BA94-47CE-A963-C70D653A09BF}.Debug|Any CPU.Build.0 = Debug|Any CPU
		{0777B0F5-BA94-47CE-A963-C70D653A09BF}.Release|Any CPU.ActiveCfg = Release|Any CPU
		{0777B0F5-BA94-47CE-A963-C70D653A09BF}.Release|Any CPU.Build.0 = Release|Any CPU
		{7F71794F-5D4C-4508-A021-29B893F34DE2}.Debug|Any CPU.ActiveCfg = Debug|Any CPU
		{7F71794F-5D4C-4508-A021-29B893F34DE2}.Debug|Any CPU.Build.0 = Debug|Any CPU
		{7F71794F-5D4C-4508-A021-29B893F34DE2}.Release|Any CPU.ActiveCfg = Release|Any CPU
		{7F71794F-5D4C-4508-A021-29B893F34DE2}.Release|Any CPU.Build.0 = Release|Any CPU
		{E0750CFC-3A5D-4964-A0C8-CAF2351EB219}.Debug|Any CPU.ActiveCfg = Debug|Any CPU
		{E0750CFC-3A5D-4964-A0C8-CAF2351EB219}.Debug|Any CPU.Build.0 = Debug|Any CPU
		{E0750CFC-3A5D-4964-A0C8-CAF2351EB219}.Release|Any CPU.ActiveCfg = Release|Any CPU
		{E0750CFC-3A5D-4964-A0C8-CAF2351EB219}.Release|Any CPU.Build.0 = Release|Any CPU
		{70ED1913-E77A-42A1-8493-995776BD0E90}.Debug|Any CPU.ActiveCfg = Debug|Any CPU
		{70ED1913-E77A-42A1-8493-995776BD0E90}.Debug|Any CPU.Build.0 = Debug|Any CPU
		{70ED1913-E77A-42A1-8493-995776BD0E90}.Release|Any CPU.ActiveCfg = Release|Any CPU
		{70ED1913-E77A-42A1-8493-995776BD0E90}.Release|Any CPU.Build.0 = Release|Any CPU
		{A24E2745-EE3A-4A44-9744-1B25F66C0DB1}.Debug|Any CPU.ActiveCfg = Debug|Any CPU
		{A24E2745-EE3A-4A44-9744-1B25F66C0DB1}.Debug|Any CPU.Build.0 = Debug|Any CPU
		{A24E2745-EE3A-4A44-9744-1B25F66C0DB1}.Release|Any CPU.ActiveCfg = Release|Any CPU
		{A24E2745-EE3A-4A44-9744-1B25F66C0DB1}.Release|Any CPU.Build.0 = Release|Any CPU
		{2933F213-F6A9-4581-B2C5-4C16F3804120}.Debug|Any CPU.ActiveCfg = Debug|Any CPU
		{2933F213-F6A9-4581-B2C5-4C16F3804120}.Debug|Any CPU.Build.0 = Debug|Any CPU
		{2933F213-F6A9-4581-B2C5-4C16F3804120}.Release|Any CPU.ActiveCfg = Release|Any CPU
		{2933F213-F6A9-4581-B2C5-4C16F3804120}.Release|Any CPU.Build.0 = Release|Any CPU
		{EA27E74E-0677-4252-8DA2-B194621F1473}.Debug|Any CPU.ActiveCfg = Debug|Any CPU
		{EA27E74E-0677-4252-8DA2-B194621F1473}.Debug|Any CPU.Build.0 = Debug|Any CPU
		{EA27E74E-0677-4252-8DA2-B194621F1473}.Release|Any CPU.ActiveCfg = Release|Any CPU
		{EA27E74E-0677-4252-8DA2-B194621F1473}.Release|Any CPU.Build.0 = Release|Any CPU
	EndGlobalSection
	GlobalSection(SolutionProperties) = preSolution
		HideSolutionNode = FALSE
	EndGlobalSection
	GlobalSection(NestedProjects) = preSolution
		{EA6988F2-7053-4075-94D5-4133FF24A55D} = {548F0F70-1045-481E-9DFC-6DFD6E5BEAC2}
		{3A262CA8-13CB-4419-8601-438A1E69CCD6} = {5DD158D9-B4A4-4FF0-86FB-AC53E5D41BA9}
		{F2769986-98F8-481D-A900-05A04C1FFD37} = {493D1D34-00EB-4704-8B1A-8D11CAA0A0EF}
		{B125EB45-11D6-49A6-AF7D-B99989CCCAA1} = {08F90203-FC4B-42EA-8FF9-2CCBD30ECD62}
		{F8C7DD4E-52ED-4D91-8F33-F66896E72B65} = {B125EB45-11D6-49A6-AF7D-B99989CCCAA1}
		{CAC7DD48-336F-4175-982D-46892D769A87} = {08F90203-FC4B-42EA-8FF9-2CCBD30ECD62}
		{7E509896-4034-4571-8EAF-D4E1BA644299} = {CAC7DD48-336F-4175-982D-46892D769A87}
		{E5203F5F-B950-4E50-85CB-065CD286FD4A} = {08F90203-FC4B-42EA-8FF9-2CCBD30ECD62}
		{53248E29-6C39-4766-B066-626C47E9DA86} = {E5203F5F-B950-4E50-85CB-065CD286FD4A}
		{5294EA4B-F1ED-44E5-9F66-50A2E5E7D991} = {93E23B23-93D4-4B47-A6BB-9AC0EA8585B1}
		{9C79C5D3-76EA-421D-B347-A5592E0A9821} = {93E23B23-93D4-4B47-A6BB-9AC0EA8585B1}
		{63990949-9F5A-4E83-9090-5E6C8EC5E7CD} = {9C79C5D3-76EA-421D-B347-A5592E0A9821}
		{DE32B27C-44B7-4045-B6B1-49D30D1D1901} = {5294EA4B-F1ED-44E5-9F66-50A2E5E7D991}
		{94BFAFBB-1C57-4D90-97D6-FBD68AF05B92} = {F9C35FC5-2DBC-4EE7-A72D-91FBFF5D464D}
		{F34B1CD5-56F9-4EB4-821C-8FFBFD1A7699} = {94BFAFBB-1C57-4D90-97D6-FBD68AF05B92}
		{C78A61A8-492A-4A1B-9DE8-255F3F9472DE} = {F9C35FC5-2DBC-4EE7-A72D-91FBFF5D464D}
		{5160616D-ACDF-4DD2-A2DF-02BFE426730E} = {C78A61A8-492A-4A1B-9DE8-255F3F9472DE}
		{0777B0F5-BA94-47CE-A963-C70D653A09BF} = {94BFAFBB-1C57-4D90-97D6-FBD68AF05B92}
		{7F71794F-5D4C-4508-A021-29B893F34DE2} = {94BFAFBB-1C57-4D90-97D6-FBD68AF05B92}
		{1ADC764F-D5DD-432F-82A7-E017BD752B8B} = {F9C35FC5-2DBC-4EE7-A72D-91FBFF5D464D}
		{E0750CFC-3A5D-4964-A0C8-CAF2351EB219} = {F2769986-98F8-481D-A900-05A04C1FFD37}
		{70ED1913-E77A-42A1-8493-995776BD0E90} = {F2769986-98F8-481D-A900-05A04C1FFD37}
		{52E4E74E-8EA2-4F65-B4DA-2193BA639635} = {F9C35FC5-2DBC-4EE7-A72D-91FBFF5D464D}
		{4B44E20F-E22B-4734-95F0-20D3A2C0A3BF} = {52E4E74E-8EA2-4F65-B4DA-2193BA639635}
		{BD69A4C4-386D-4C4D-8F20-589D8DF25F03} = {52E4E74E-8EA2-4F65-B4DA-2193BA639635}
		{A24E2745-EE3A-4A44-9744-1B25F66C0DB1} = {4B44E20F-E22B-4734-95F0-20D3A2C0A3BF}
		{2933F213-F6A9-4581-B2C5-4C16F3804120} = {BD69A4C4-386D-4C4D-8F20-589D8DF25F03}
		{EA27E74E-0677-4252-8DA2-B194621F1473} = {1ADC764F-D5DD-432F-82A7-E017BD752B8B}
	EndGlobalSection
	GlobalSection(ExtensibilityGlobals) = postSolution
		SolutionGuid = {A057247F-C334-417E-AE64-29CAF6D55588}
	EndGlobalSection
EndGlobal
